
Microsoft Visual Studio Solution File, Format Version 12.00
# Visual Studio 14
VisualStudioVersion = 14.0.23107.0
MinimumVisualStudioVersion = 10.0.40219.1
Project("{FAE04EC0-301F-11D3-BF4B-00C04F79EFBC}") = "WinNaccug", "Naccug\WinNaccug.csproj", "{B4D2D999-4A9E-4D14-9D5F-BDE391C0FEBE}"
EndProject
Project("{54435603-DBB4-11D2-8724-00A0C9A8B90C}") = "NACCUSoftSetup", "NACCUSoftSetup\NACCUSoftSetup.vdproj", "{DE1F3A76-B942-424C-B85A-77D28BF9806F}"
EndProject
Global
	GlobalSection(SolutionConfigurationPlatforms) = preSolution
		Debug|Any CPU = Debug|Any CPU
		Release|Any CPU = Release|Any CPU
	EndGlobalSection
	GlobalSection(ProjectConfigurationPlatforms) = postSolution
		{B4D2D999-4A9E-4D14-9D5F-BDE391C0FEBE}.Debug|Any CPU.ActiveCfg = Debug|Any CPU
		{B4D2D999-4A9E-4D14-9D5F-BDE391C0FEBE}.Debug|Any CPU.Build.0 = Debug|Any CPU
		{B4D2D999-4A9E-4D14-9D5F-BDE391C0FEBE}.Release|Any CPU.ActiveCfg = Release|Any CPU
		{B4D2D999-4A9E-4D14-9D5F-BDE391C0FEBE}.Release|Any CPU.Build.0 = Release|Any CPU
		{B4D2D999-4A9E-4D14-9D5F-BDE391C0FEBE}.Release|Any CPU.Deploy.0 = Release|Any CPU
		{DE1F3A76-B942-424C-B85A-77D28BF9806F}.Debug|Any CPU.ActiveCfg = Debug
		{DE1F3A76-B942-424C-B85A-77D28BF9806F}.Debug|Any CPU.Build.0 = Debug
		{DE1F3A76-B942-424C-B85A-77D28BF9806F}.Release|Any CPU.ActiveCfg = Release
		{DE1F3A76-B942-424C-B85A-77D28BF9806F}.Release|Any CPU.Build.0 = Release
	EndGlobalSection
	GlobalSection(SolutionProperties) = preSolution
		HideSolutionNode = FALSE
	EndGlobalSection
EndGlobal
